// !$*UTF8*$!
{
	archiveVersion = 1;
	classes = {
	};
	objectVersion = 56;
	objects = {

/* Begin PBXBuildFile section */
		DEC175AB2AB21A02006C62F9 /* AppDelegate.swift in Sources */ = {isa = PBXBuildFile; fileRef = DEC175AA2AB21A02006C62F9 /* AppDelegate.swift */; };
		DEC175AD2AB21A02006C62F9 /* SceneDelegate.swift in Sources */ = {isa = PBXBuildFile; fileRef = DEC175AC2AB21A02006C62F9 /* SceneDelegate.swift */; };
		DEC175AF2AB21A02006C62F9 /* LottoViewController.swift in Sources */ = {isa = PBXBuildFile; fileRef = DEC175AE2AB21A02006C62F9 /* LottoViewController.swift */; };
		DEC175B22AB21A02006C62F9 /* Main.storyboard in Resources */ = {isa = PBXBuildFile; fileRef = DEC175B02AB21A02006C62F9 /* Main.storyboard */; };
		DEC175B42AB21A04006C62F9 /* Assets.xcassets in Resources */ = {isa = PBXBuildFile; fileRef = DEC175B32AB21A04006C62F9 /* Assets.xcassets */; };
		DEC175B72AB21A04006C62F9 /* LaunchScreen.storyboard in Resources */ = {isa = PBXBuildFile; fileRef = DEC175B52AB21A04006C62F9 /* LaunchScreen.storyboard */; };
		DEC175C32AB21D10006C62F9 /* LottoModel.swift in Sources */ = {isa = PBXBuildFile; fileRef = DEC175C22AB21D10006C62F9 /* LottoModel.swift */; };
		DEC175C72AB21EAA006C62F9 /* Alamofire in Frameworks */ = {isa = PBXBuildFile; productRef = DEC175C62AB21EAA006C62F9 /* Alamofire */; };
		DEC175C92AB21ECF006C62F9 /* Observable.swift in Sources */ = {isa = PBXBuildFile; fileRef = DEC175C82AB21ECF006C62F9 /* Observable.swift */; };
		DEC175CB2AB21FCF006C62F9 /* LottoViewModel.swift in Sources */ = {isa = PBXBuildFile; fileRef = DEC175CA2AB21FCF006C62F9 /* LottoViewModel.swift */; };
		DEC175CD2AB22473006C62F9 /* APIManager.swift in Sources */ = {isa = PBXBuildFile; fileRef = DEC175CC2AB22473006C62F9 /* APIManager.swift */; };
/* End PBXBuildFile section */

/* Begin PBXFileReference section */
		DEC175A72AB21A02006C62F9 /* SeSAC_MVVM_Practice.app */ = {isa = PBXFileReference; explicitFileType = wrapper.application; includeInIndex = 0; path = SeSAC_MVVM_Practice.app; sourceTree = BUILT_PRODUCTS_DIR; };
		DEC175AA2AB21A02006C62F9 /* AppDelegate.swift */ = {isa = PBXFileReference; lastKnownFileType = sourcecode.swift; path = AppDelegate.swift; sourceTree = "<group>"; };
		DEC175AC2AB21A02006C62F9 /* SceneDelegate.swift */ = {isa = PBXFileReference; lastKnownFileType = sourcecode.swift; path = SceneDelegate.swift; sourceTree = "<group>"; };
		DEC175AE2AB21A02006C62F9 /* LottoViewController.swift */ = {isa = PBXFileReference; lastKnownFileType = sourcecode.swift; path = LottoViewController.swift; sourceTree = "<group>"; };
		DEC175B12AB21A02006C62F9 /* Base */ = {isa = PBXFileReference; lastKnownFileType = file.storyboard; name = Base; path = Base.lproj/Main.storyboard; sourceTree = "<group>"; };
		DEC175B32AB21A04006C62F9 /* Assets.xcassets */ = {isa = PBXFileReference; lastKnownFileType = folder.assetcatalog; path = Assets.xcassets; sourceTree = "<group>"; };
		DEC175B62AB21A04006C62F9 /* Base */ = {isa = PBXFileReference; lastKnownFileType = file.storyboard; name = Base; path = Base.lproj/LaunchScreen.storyboard; sourceTree = "<group>"; };
		DEC175B82AB21A04006C62F9 /* Info.plist */ = {isa = PBXFileReference; lastKnownFileType = text.plist.xml; path = Info.plist; sourceTree = "<group>"; };
		DEC175C22AB21D10006C62F9 /* LottoModel.swift */ = {isa = PBXFileReference; lastKnownFileType = sourcecode.swift; path = LottoModel.swift; sourceTree = "<group>"; };
		DEC175C82AB21ECF006C62F9 /* Observable.swift */ = {isa = PBXFileReference; lastKnownFileType = sourcecode.swift; path = Observable.swift; sourceTree = "<group>"; };
		DEC175CA2AB21FCF006C62F9 /* LottoViewModel.swift */ = {isa = PBXFileReference; lastKnownFileType = sourcecode.swift; path = LottoViewModel.swift; sourceTree = "<group>"; };
		DEC175CC2AB22473006C62F9 /* APIManager.swift */ = {isa = PBXFileReference; lastKnownFileType = sourcecode.swift; path = APIManager.swift; sourceTree = "<group>"; };
/* End PBXFileReference section */

/* Begin PBXFrameworksBuildPhase section */
		DEC175A42AB21A02006C62F9 /* Frameworks */ = {
			isa = PBXFrameworksBuildPhase;
			buildActionMask = 2147483647;
			files = (
				DEC175C72AB21EAA006C62F9 /* Alamofire in Frameworks */,
			);
			runOnlyForDeploymentPostprocessing = 0;
		};
/* End PBXFrameworksBuildPhase section */

/* Begin PBXGroup section */
		DEC1759E2AB21A02006C62F9 = {
			isa = PBXGroup;
			children = (
				DEC175A92AB21A02006C62F9 /* SeSAC_MVVM_Practice */,
				DEC175A82AB21A02006C62F9 /* Products */,
			);
			sourceTree = "<group>";
		};
		DEC175A82AB21A02006C62F9 /* Products */ = {
			isa = PBXGroup;
			children = (
				DEC175A72AB21A02006C62F9 /* SeSAC_MVVM_Practice.app */,
			);
			name = Products;
			sourceTree = "<group>";
		};
		DEC175A92AB21A02006C62F9 /* SeSAC_MVVM_Practice */ = {
			isa = PBXGroup;
			children = (
				DEC175C42AB21D23006C62F9 /* Network */,
				DEC175C12AB21AB9006C62F9 /* View */,
				DEC175BF2AB21A70006C62F9 /* Model */,
				DEC175BE2AB21A16006C62F9 /* App */,
				DEC175B02AB21A02006C62F9 /* Main.storyboard */,
				DEC175B32AB21A04006C62F9 /* Assets.xcassets */,
				DEC175B52AB21A04006C62F9 /* LaunchScreen.storyboard */,
				DEC175B82AB21A04006C62F9 /* Info.plist */,
			);
			path = SeSAC_MVVM_Practice;
			sourceTree = "<group>";
		};
		DEC175BE2AB21A16006C62F9 /* App */ = {
			isa = PBXGroup;
			children = (
				DEC175AC2AB21A02006C62F9 /* SceneDelegate.swift */,
				DEC175AA2AB21A02006C62F9 /* AppDelegate.swift */,
			);
			path = App;
			sourceTree = "<group>";
		};
		DEC175BF2AB21A70006C62F9 /* Model */ = {
			isa = PBXGroup;
			children = (
				DEC175C22AB21D10006C62F9 /* LottoModel.swift */,
			);
			path = Model;
			sourceTree = "<group>";
		};
		DEC175C02AB21A7B006C62F9 /* ViewModel */ = {
			isa = PBXGroup;
			children = (
				DEC175C82AB21ECF006C62F9 /* Observable.swift */,
				DEC175CA2AB21FCF006C62F9 /* LottoViewModel.swift */,
			);
			path = ViewModel;
			sourceTree = "<group>";
		};
		DEC175C12AB21AB9006C62F9 /* View */ = {
			isa = PBXGroup;
			children = (
				DEC175AE2AB21A02006C62F9 /* LottoViewController.swift */,
				DEC175C02AB21A7B006C62F9 /* ViewModel */,
			);
			path = View;
			sourceTree = "<group>";
		};
		DEC175C42AB21D23006C62F9 /* Network */ = {
			isa = PBXGroup;
			children = (
				DEC175CC2AB22473006C62F9 /* APIManager.swift */,
			);
			path = Network;
			sourceTree = "<group>";
		};
/* End PBXGroup section */

/* Begin PBXNativeTarget section */
		DEC175A62AB21A02006C62F9 /* SeSAC_MVVM_Practice */ = {
			isa = PBXNativeTarget;
			buildConfigurationList = DEC175BB2AB21A04006C62F9 /* Build configuration list for PBXNativeTarget "SeSAC_MVVM_Practice" */;
			buildPhases = (
				DEC175A32AB21A02006C62F9 /* Sources */,
				DEC175A42AB21A02006C62F9 /* Frameworks */,
				DEC175A52AB21A02006C62F9 /* Resources */,
			);
			buildRules = (
			);
			dependencies = (
			);
			name = SeSAC_MVVM_Practice;
			packageProductDependencies = (
				DEC175C62AB21EAA006C62F9 /* Alamofire */,
			);
			productName = SeSAC_MVVM_Practice;
			productReference = DEC175A72AB21A02006C62F9 /* SeSAC_MVVM_Practice.app */;
			productType = "com.apple.product-type.application";
		};
/* End PBXNativeTarget section */

/* Begin PBXProject section */
		DEC1759F2AB21A02006C62F9 /* Project object */ = {
			isa = PBXProject;
			attributes = {
				BuildIndependentTargetsInParallel = 1;
				LastSwiftUpdateCheck = 1430;
				LastUpgradeCheck = 1430;
				TargetAttributes = {
					DEC175A62AB21A02006C62F9 = {
						CreatedOnToolsVersion = 14.3.1;
					};
				};
			};
			buildConfigurationList = DEC175A22AB21A02006C62F9 /* Build configuration list for PBXProject "SeSAC_MVVM_Practice" */;
			compatibilityVersion = "Xcode 14.0";
			developmentRegion = en;
			hasScannedForEncodings = 0;
			knownRegions = (
				en,
				Base,
			);
			mainGroup = DEC1759E2AB21A02006C62F9;
			packageReferences = (
				DEC175C52AB21EAA006C62F9 /* XCRemoteSwiftPackageReference "Alamofire" */,
			);
			productRefGroup = DEC175A82AB21A02006C62F9 /* Products */;
			projectDirPath = "";
			projectRoot = "";
			targets = (
				DEC175A62AB21A02006C62F9 /* SeSAC_MVVM_Practice */,
			);
		};
/* End PBXProject section */

/* Begin PBXResourcesBuildPhase section */
		DEC175A52AB21A02006C62F9 /* Resources */ = {
			isa = PBXResourcesBuildPhase;
			buildActionMask = 2147483647;
			files = (
				DEC175B72AB21A04006C62F9 /* LaunchScreen.storyboard in Resources */,
				DEC175B42AB21A04006C62F9 /* Assets.xcassets in Resources */,
				DEC175B22AB21A02006C62F9 /* Main.storyboard in Resources */,
			);
			runOnlyForDeploymentPostprocessing = 0;
		};
/* End PBXResourcesBuildPhase section */

/* Begin PBXSourcesBuildPhase section */
		DEC175A32AB21A02006C62F9 /* Sources */ = {
			isa = PBXSourcesBuildPhase;
			buildActionMask = 2147483647;
			files = (
				DEC175AF2AB21A02006C62F9 /* LottoViewController.swift in Sources */,
				DEC175C92AB21ECF006C62F9 /* Observable.swift in Sources */,
				DEC175AB2AB21A02006C62F9 /* AppDelegate.swift in Sources */,
				DEC175C32AB21D10006C62F9 /* LottoModel.swift in Sources */,
				DEC175AD2AB21A02006C62F9 /* SceneDelegate.swift in Sources */,
				DEC175CB2AB21FCF006C62F9 /* LottoViewModel.swift in Sources */,
				DEC175CD2AB22473006C62F9 /* APIManager.swift in Sources */,
			);
			runOnlyForDeploymentPostprocessing = 0;
		};
/* End PBXSourcesBuildPhase section */

/* Begin PBXVariantGroup section */
		DEC175B02AB21A02006C62F9 /* Main.storyboard */ = {
			isa = PBXVariantGroup;
			children = (
				DEC175B12AB21A02006C62F9 /* Base */,
			);
			name = Main.storyboard;
			sourceTree = "<group>";
		};
		DEC175B52AB21A04006C62F9 /* LaunchScreen.storyboard */ = {
			isa = PBXVariantGroup;
			children = (
				DEC175B62AB21A04006C62F9 /* Base */,
			);
			name = LaunchScreen.storyboard;
			sourceTree = "<group>";
		};
/* End PBXVariantGroup section */

/* Begin XCBuildConfiguration section */
		DEC175B92AB21A04006C62F9 /* Debug */ = {
			isa = XCBuildConfiguration;
			buildSettings = {
				ALWAYS_SEARCH_USER_PATHS = NO;
				CLANG_ANALYZER_NONNULL = YES;
				CLANG_ANALYZER_NUMBER_OBJECT_CONVERSION = YES_AGGRESSIVE;
				CLANG_CXX_LANGUAGE_STANDARD = "gnu++20";
				CLANG_ENABLE_MODULES = YES;
				CLANG_ENABLE_OBJC_ARC = YES;
				CLANG_ENABLE_OBJC_WEAK = YES;
				CLANG_WARN_BLOCK_CAPTURE_AUTORELEASING = YES;
				CLANG_WARN_BOOL_CONVERSION = YES;
				CLANG_WARN_COMMA = YES;
				CLANG_WARN_CONSTANT_CONVERSION = YES;
				CLANG_WARN_DEPRECATED_OBJC_IMPLEMENTATIONS = YES;
				CLANG_WARN_DIRECT_OBJC_ISA_USAGE = YES_ERROR;
				CLANG_WARN_DOCUMENTATION_COMMENTS = YES;
				CLANG_WARN_EMPTY_BODY = YES;
				CLANG_WARN_ENUM_CONVERSION = YES;
				CLANG_WARN_INFINITE_RECURSION = YES;
				CLANG_WARN_INT_CONVERSION = YES;
				CLANG_WARN_NON_LITERAL_NULL_CONVERSION = YES;
				CLANG_WARN_OBJC_IMPLICIT_RETAIN_SELF = YES;
				CLANG_WARN_OBJC_LITERAL_CONVERSION = YES;
				CLANG_WARN_OBJC_ROOT_CLASS = YES_ERROR;
				CLANG_WARN_QUOTED_INCLUDE_IN_FRAMEWORK_HEADER = YES;
				CLANG_WARN_RANGE_LOOP_ANALYSIS = YES;
				CLANG_WARN_STRICT_PROTOTYPES = YES;
				CLANG_WARN_SUSPICIOUS_MOVE = YES;
				CLANG_WARN_UNGUARDED_AVAILABILITY = YES_AGGRESSIVE;
				CLANG_WARN_UNREACHABLE_CODE = YES;
				CLANG_WARN__DUPLICATE_METHOD_MATCH = YES;
				COPY_PHASE_STRIP = NO;
				DEBUG_INFORMATION_FORMAT = dwarf;
				ENABLE_STRICT_OBJC_MSGSEND = YES;
				ENABLE_TESTABILITY = YES;
				GCC_C_LANGUAGE_STANDARD = gnu11;
				GCC_DYNAMIC_NO_PIC = NO;
				GCC_NO_COMMON_BLOCKS = YES;
				GCC_OPTIMIZATION_LEVEL = 0;
				GCC_PREPROCESSOR_DEFINITIONS = (
					"DEBUG=1",
					"$(inherited)",
				);
				GCC_WARN_64_TO_32_BIT_CONVERSION = YES;
				GCC_WARN_ABOUT_RETURN_TYPE = YES_ERROR;
				GCC_WARN_UNDECLARED_SELECTOR = YES;
				GCC_WARN_UNINITIALIZED_AUTOS = YES_AGGRESSIVE;
				GCC_WARN_UNUSED_FUNCTION = YES;
				GCC_WARN_UNUSED_VARIABLE = YES;
				IPHONEOS_DEPLOYMENT_TARGET = 16.4;
				MTL_ENABLE_DEBUG_INFO = INCLUDE_SOURCE;
				MTL_FAST_MATH = YES;
				ONLY_ACTIVE_ARCH = YES;
				SDKROOT = iphoneos;
				SWIFT_ACTIVE_COMPILATION_CONDITIONS = DEBUG;
				SWIFT_OPTIMIZATION_LEVEL = "-Onone";
			};
			name = Debug;
		};
		DEC175BA2AB21A04006C62F9 /* Release */ = {
			isa = XCBuildConfiguration;
			buildSettings = {
				ALWAYS_SEARCH_USER_PATHS = NO;
				CLANG_ANALYZER_NONNULL = YES;
				CLANG_ANALYZER_NUMBER_OBJECT_CONVERSION = YES_AGGRESSIVE;
				CLANG_CXX_LANGUAGE_STANDARD = "gnu++20";
				CLANG_ENABLE_MODULES = YES;
				CLANG_ENABLE_OBJC_ARC = YES;
				CLANG_ENABLE_OBJC_WEAK = YES;
				CLANG_WARN_BLOCK_CAPTURE_AUTORELEASING = YES;
				CLANG_WARN_BOOL_CONVERSION = YES;
				CLANG_WARN_COMMA = YES;
				CLANG_WARN_CONSTANT_CONVERSION = YES;
				CLANG_WARN_DEPRECATED_OBJC_IMPLEMENTATIONS = YES;
				CLANG_WARN_DIRECT_OBJC_ISA_USAGE = YES_ERROR;
				CLANG_WARN_DOCUMENTATION_COMMENTS = YES;
				CLANG_WARN_EMPTY_BODY = YES;
				CLANG_WARN_ENUM_CONVERSION = YES;
				CLANG_WARN_INFINITE_RECURSION = YES;
				CLANG_WARN_INT_CONVERSION = YES;
				CLANG_WARN_NON_LITERAL_NULL_CONVERSION = YES;
				CLANG_WARN_OBJC_IMPLICIT_RETAIN_SELF = YES;
				CLANG_WARN_OBJC_LITERAL_CONVERSION = YES;
				CLANG_WARN_OBJC_ROOT_CLASS = YES_ERROR;
				CLANG_WARN_QUOTED_INCLUDE_IN_FRAMEWORK_HEADER = YES;
				CLANG_WARN_RANGE_LOOP_ANALYSIS = YES;
				CLANG_WARN_STRICT_PROTOTYPES = YES;
				CLANG_WARN_SUSPICIOUS_MOVE = YES;
				CLANG_WARN_UNGUARDED_AVAILABILITY = YES_AGGRESSIVE;
				CLANG_WARN_UNREACHABLE_CODE = YES;
				CLANG_WARN__DUPLICATE_METHOD_MATCH = YES;
				COPY_PHASE_STRIP = NO;
				DEBUG_INFORMATION_FORMAT = "dwarf-with-dsym";
				ENABLE_NS_ASSERTIONS = NO;
				ENABLE_STRICT_OBJC_MSGSEND = YES;
				GCC_C_LANGUAGE_STANDARD = gnu11;
				GCC_NO_COMMON_BLOCKS = YES;
				GCC_WARN_64_TO_32_BIT_CONVERSION = YES;
				GCC_WARN_ABOUT_RETURN_TYPE = YES_ERROR;
				GCC_WARN_UNDECLARED_SELECTOR = YES;
				GCC_WARN_UNINITIALIZED_AUTOS = YES_AGGRESSIVE;
				GCC_WARN_UNUSED_FUNCTION = YES;
				GCC_WARN_UNUSED_VARIABLE = YES;
				IPHONEOS_DEPLOYMENT_TARGET = 16.4;
				MTL_ENABLE_DEBUG_INFO = NO;
				MTL_FAST_MATH = YES;
				SDKROOT = iphoneos;
				SWIFT_COMPILATION_MODE = wholemodule;
				SWIFT_OPTIMIZATION_LEVEL = "-O";
				VALIDATE_PRODUCT = YES;
			};
			name = Release;
		};
		DEC175BC2AB21A04006C62F9 /* Debug */ = {
			isa = XCBuildConfiguration;
			buildSettings = {
				ASSETCATALOG_COMPILER_APPICON_NAME = AppIcon;
				ASSETCATALOG_COMPILER_GLOBAL_ACCENT_COLOR_NAME = AccentColor;
				CODE_SIGN_STYLE = Automatic;
				CURRENT_PROJECT_VERSION = 1;
				DEVELOPMENT_TEAM = AYG8MBJF93;
				GENERATE_INFOPLIST_FILE = YES;
				INFOPLIST_FILE = SeSAC_MVVM_Practice/Info.plist;
				INFOPLIST_KEY_UIApplicationSupportsIndirectInputEvents = YES;
				INFOPLIST_KEY_UILaunchStoryboardName = LaunchScreen;
				INFOPLIST_KEY_UIMainStoryboardFile = Main;
				INFOPLIST_KEY_UISupportedInterfaceOrientations_iPad = "UIInterfaceOrientationPortrait UIInterfaceOrientationPortraitUpsideDown UIInterfaceOrientationLandscapeLeft UIInterfaceOrientationLandscapeRight";
				INFOPLIST_KEY_UISupportedInterfaceOrientations_iPhone = "UIInterfaceOrientationPortrait UIInterfaceOrientationLandscapeLeft UIInterfaceOrientationLandscapeRight";
				LD_RUNPATH_SEARCH_PATHS = (
					"$(inherited)",
					"@executable_path/Frameworks",
				);
				MARKETING_VERSION = 1.0;
				PRODUCT_BUNDLE_IDENTIFIER = "ILWAT-com.github.SeSAC-MVVM-Practice";
				PRODUCT_NAME = "$(TARGET_NAME)";
				SWIFT_EMIT_LOC_STRINGS = YES;
				SWIFT_VERSION = 5.0;
				TARGETED_DEVICE_FAMILY = "1,2";
			};
			name = Debug;
		};
		DEC175BD2AB21A04006C62F9 /* Release */ = {
			isa = XCBuildConfiguration;
			buildSettings = {
				ASSETCATALOG_COMPILER_APPICON_NAME = AppIcon;
				ASSETCATALOG_COMPILER_GLOBAL_ACCENT_COLOR_NAME = AccentColor;
				CODE_SIGN_STYLE = Automatic;
				CURRENT_PROJECT_VERSION = 1;
				DEVELOPMENT_TEAM = AYG8MBJF93;
				GENERATE_INFOPLIST_FILE = YES;
				INFOPLIST_FILE = SeSAC_MVVM_Practice/Info.plist;
				INFOPLIST_KEY_UIApplicationSupportsIndirectInputEvents = YES;
				INFOPLIST_KEY_UILaunchStoryboardName = LaunchScreen;
				INFOPLIST_KEY_UIMainStoryboardFile = Main;
				INFOPLIST_KEY_UISupportedInterfaceOrientations_iPad = "UIInterfaceOrientationPortrait UIInterfaceOrientationPortraitUpsideDown UIInterfaceOrientationLandscapeLeft UIInterfaceOrientationLandscapeRight";
				INFOPLIST_KEY_UISupportedInterfaceOrientations_iPhone = "UIInterfaceOrientationPortrait UIInterfaceOrientationLandscapeLeft UIInterfaceOrientationLandscapeRight";
				LD_RUNPATH_SEARCH_PATHS = (
					"$(inherited)",
					"@executable_path/Frameworks",
				);
				MARKETING_VERSION = 1.0;
				PRODUCT_BUNDLE_IDENTIFIER = "ILWAT-com.github.SeSAC-MVVM-Practice";
				PRODUCT_NAME = "$(TARGET_NAME)";
				SWIFT_EMIT_LOC_STRINGS = YES;
				SWIFT_VERSION = 5.0;
				TARGETED_DEVICE_FAMILY = "1,2";
			};
			name = Release;
		};
/* End XCBuildConfiguration section */

/* Begin XCConfigurationList section */
		DEC175A22AB21A02006C62F9 /* Build configuration list for PBXProject "SeSAC_MVVM_Practice" */ = {
			isa = XCConfigurationList;
			buildConfigurations = (
				DEC175B92AB21A04006C62F9 /* Debug */,
				DEC175BA2AB21A04006C62F9 /* Release */,
			);
			defaultConfigurationIsVisible = 0;
			defaultConfigurationName = Release;
		};
		DEC175BB2AB21A04006C62F9 /* Build configuration list for PBXNativeTarget "SeSAC_MVVM_Practice" */ = {
			isa = XCConfigurationList;
			buildConfigurations = (
				DEC175BC2AB21A04006C62F9 /* Debug */,
				DEC175BD2AB21A04006C62F9 /* Release */,
			);
			defaultConfigurationIsVisible = 0;
			defaultConfigurationName = Release;
		};
/* End XCConfigurationList section */

/* Begin XCRemoteSwiftPackageReference section */
		DEC175C52AB21EAA006C62F9 /* XCRemoteSwiftPackageReference "Alamofire" */ = {
			isa = XCRemoteSwiftPackageReference;
			repositoryURL = "https://github.com/Alamofire/Alamofire";
			requirement = {
				kind = upToNextMinorVersion;
				minimumVersion = 5.8.0;
			};
		};
/* End XCRemoteSwiftPackageReference section */

/* Begin XCSwiftPackageProductDependency section */
		DEC175C62AB21EAA006C62F9 /* Alamofire */ = {
			isa = XCSwiftPackageProductDependency;
			package = DEC175C52AB21EAA006C62F9 /* XCRemoteSwiftPackageReference "Alamofire" */;
			productName = Alamofire;
		};
/* End XCSwiftPackageProductDependency section */
	};
	rootObject = DEC1759F2AB21A02006C62F9 /* Project object */;
}
